
Microsoft Visual Studio Solution File, Format Version 12.00
# Visual Studio 11
Project("{FAE04EC0-301F-11D3-BF4B-00C04F79EFBC}") = "BeCharming.TestClient", "BeCharming.TestClient\BeCharming.TestClient.csproj", "{D2545FD2-C147-4BFE-804F-F8DD3BE238A2}"
EndProject
Project("{FAE04EC0-301F-11D3-BF4B-00C04F79EFBC}") = "BeCharming.Listener", "BeCharming.Listener\BeCharming.Listener.csproj", "{4DC446FD-D592-4950-8055-55F2B9AB9010}"
EndProject
Project("{FAE04EC0-301F-11D3-BF4B-00C04F79EFBC}") = "BeCharming.Metro", "BeCharming.Metro\BeCharming.Metro.csproj", "{17B1D055-F586-42C9-A26F-DCD6F57E0771}"
EndProject
Project("{FAE04EC0-301F-11D3-BF4B-00C04F79EFBC}") = "BeCharming.Common", "BeCharming.Common\BeCharming.Common.csproj", "{F1468941-2BBF-4A7E-9DAB-18F568879261}"
EndProject
Project("{FAE04EC0-301F-11D3-BF4B-00C04F79EFBC}") = "WinRT.WSDiscovery", "WinRT.WSDiscovery\WinRT.WSDiscovery.csproj", "{A0CA4B1A-4277-4C69-ABF7-6251FFE5E4CD}"
EndProject
Global
	GlobalSection(SolutionConfigurationPlatforms) = preSolution
		Debug|ARM = Debug|ARM
		Debug|Any CPU = Debug|Any CPU
		Debug|x64 = Debug|x64
		Debug|x86 = Debug|x86
		Release|ARM = Release|ARM
		Release|Any CPU = Release|Any CPU
		Release|x64 = Release|x64
		Release|x86 = Release|x86
	EndGlobalSection
	GlobalSection(ProjectConfigurationPlatforms) = postSolution
		{17B1D055-F586-42C9-A26F-DCD6F57E0771}.Debug|ARM.ActiveCfg = Debug|ARM
		{17B1D055-F586-42C9-A26F-DCD6F57E0771}.Debug|ARM.Build.0 = Debug|ARM
		{17B1D055-F586-42C9-A26F-DCD6F57E0771}.Debug|ARM.Deploy.0 = Debug|ARM
		{17B1D055-F586-42C9-A26F-DCD6F57E0771}.Debug|Any CPU.ActiveCfg = Debug|Any CPU
		{17B1D055-F586-42C9-A26F-DCD6F57E0771}.Debug|Any CPU.Build.0 = Debug|Any CPU
		{17B1D055-F586-42C9-A26F-DCD6F57E0771}.Debug|Any CPU.Deploy.0 = Debug|Any CPU
		{17B1D055-F586-42C9-A26F-DCD6F57E0771}.Debug|x64.ActiveCfg = Debug|x64
		{17B1D055-F586-42C9-A26F-DCD6F57E0771}.Debug|x64.Build.0 = Debug|x64
		{17B1D055-F586-42C9-A26F-DCD6F57E0771}.Debug|x64.Deploy.0 = Debug|x64
		{17B1D055-F586-42C9-A26F-DCD6F57E0771}.Debug|x86.ActiveCfg = Debug|x86
		{17B1D055-F586-42C9-A26F-DCD6F57E0771}.Debug|x86.Build.0 = Debug|x86
		{17B1D055-F586-42C9-A26F-DCD6F57E0771}.Debug|x86.Deploy.0 = Debug|x86
		{17B1D055-F586-42C9-A26F-DCD6F57E0771}.Release|ARM.ActiveCfg = Release|ARM
		{17B1D055-F586-42C9-A26F-DCD6F57E0771}.Release|ARM.Build.0 = Release|ARM
		{17B1D055-F586-42C9-A26F-DCD6F57E0771}.Release|ARM.Deploy.0 = Release|ARM
		{17B1D055-F586-42C9-A26F-DCD6F57E0771}.Release|Any CPU.ActiveCfg = Release|Any CPU
		{17B1D055-F586-42C9-A26F-DCD6F57E0771}.Release|Any CPU.Build.0 = Release|Any CPU
		{17B1D055-F586-42C9-A26F-DCD6F57E0771}.Release|Any CPU.Deploy.0 = Release|Any CPU
		{17B1D055-F586-42C9-A26F-DCD6F57E0771}.Release|x64.ActiveCfg = Release|x64
		{17B1D055-F586-42C9-A26F-DCD6F57E0771}.Release|x64.Build.0 = Release|x64
		{17B1D055-F586-42C9-A26F-DCD6F57E0771}.Release|x64.Deploy.0 = Release|x64
		{17B1D055-F586-42C9-A26F-DCD6F57E0771}.Release|x86.ActiveCfg = Release|x86
		{17B1D055-F586-42C9-A26F-DCD6F57E0771}.Release|x86.Build.0 = Release|x86
		{17B1D055-F586-42C9-A26F-DCD6F57E0771}.Release|x86.Deploy.0 = Release|x86
		{4DC446FD-D592-4950-8055-55F2B9AB9010}.Debug|ARM.ActiveCfg = Debug|x86
		{4DC446FD-D592-4950-8055-55F2B9AB9010}.Debug|Any CPU.ActiveCfg = Debug|x86
		{4DC446FD-D592-4950-8055-55F2B9AB9010}.Debug|x64.ActiveCfg = Debug|x86
		{4DC446FD-D592-4950-8055-55F2B9AB9010}.Debug|x86.ActiveCfg = Debug|x86
		{4DC446FD-D592-4950-8055-55F2B9AB9010}.Debug|x86.Build.0 = Debug|x86
		{4DC446FD-D592-4950-8055-55F2B9AB9010}.Release|ARM.ActiveCfg = Release|x86
		{4DC446FD-D592-4950-8055-55F2B9AB9010}.Release|Any CPU.ActiveCfg = Release|x86
		{4DC446FD-D592-4950-8055-55F2B9AB9010}.Release|x64.ActiveCfg = Release|x86
		{4DC446FD-D592-4950-8055-55F2B9AB9010}.Release|x86.ActiveCfg = Release|x86
		{4DC446FD-D592-4950-8055-55F2B9AB9010}.Release|x86.Build.0 = Release|x86
		{A0CA4B1A-4277-4C69-ABF7-6251FFE5E4CD}.Debug|ARM.ActiveCfg = Debug|ARM
		{A0CA4B1A-4277-4C69-ABF7-6251FFE5E4CD}.Debug|ARM.Build.0 = Debug|ARM
		{A0CA4B1A-4277-4C69-ABF7-6251FFE5E4CD}.Debug|Any CPU.ActiveCfg = Debug|Any CPU
		{A0CA4B1A-4277-4C69-ABF7-6251FFE5E4CD}.Debug|Any CPU.Build.0 = Debug|Any CPU
		{A0CA4B1A-4277-4C69-ABF7-6251FFE5E4CD}.Debug|x64.ActiveCfg = Debug|x64
		{A0CA4B1A-4277-4C69-ABF7-6251FFE5E4CD}.Debug|x64.Build.0 = Debug|x64
		{A0CA4B1A-4277-4C69-ABF7-6251FFE5E4CD}.Debug|x86.ActiveCfg = Debug|x86
		{A0CA4B1A-4277-4C69-ABF7-6251FFE5E4CD}.Debug|x86.Build.0 = Debug|x86
		{A0CA4B1A-4277-4C69-ABF7-6251FFE5E4CD}.Release|ARM.ActiveCfg = Release|ARM
		{A0CA4B1A-4277-4C69-ABF7-6251FFE5E4CD}.Release|ARM.Build.0 = Release|ARM
		{A0CA4B1A-4277-4C69-ABF7-6251FFE5E4CD}.Release|Any CPU.ActiveCfg = Release|Any CPU
		{A0CA4B1A-4277-4C69-ABF7-6251FFE5E4CD}.Release|Any CPU.Build.0 = Release|Any CPU
		{A0CA4B1A-4277-4C69-ABF7-6251FFE5E4CD}.Release|x64.ActiveCfg = Release|x64
		{A0CA4B1A-4277-4C69-ABF7-6251FFE5E4CD}.Release|x64.Build.0 = Release|x64
		{A0CA4B1A-4277-4C69-ABF7-6251FFE5E4CD}.Release|x86.ActiveCfg = Release|x86
		{A0CA4B1A-4277-4C69-ABF7-6251FFE5E4CD}.Release|x86.Build.0 = Release|x86
		{D2545FD2-C147-4BFE-804F-F8DD3BE238A2}.Debug|ARM.ActiveCfg = Debug|x86
		{D2545FD2-C147-4BFE-804F-F8DD3BE238A2}.Debug|Any CPU.ActiveCfg = Debug|x86
		{D2545FD2-C147-4BFE-804F-F8DD3BE238A2}.Debug|x64.ActiveCfg = Debug|x86
		{D2545FD2-C147-4BFE-804F-F8DD3BE238A2}.Debug|x86.ActiveCfg = Debug|x86
		{D2545FD2-C147-4BFE-804F-F8DD3BE238A2}.Debug|x86.Build.0 = Debug|x86
		{D2545FD2-C147-4BFE-804F-F8DD3BE238A2}.Release|ARM.ActiveCfg = Release|x86
		{D2545FD2-C147-4BFE-804F-F8DD3BE238A2}.Release|Any CPU.ActiveCfg = Release|x86
		{D2545FD2-C147-4BFE-804F-F8DD3BE238A2}.Release|x64.ActiveCfg = Release|x86
		{D2545FD2-C147-4BFE-804F-F8DD3BE238A2}.Release|x86.ActiveCfg = Release|x86
		{D2545FD2-C147-4BFE-804F-F8DD3BE238A2}.Release|x86.Build.0 = Release|x86
		{F1468941-2BBF-4A7E-9DAB-18F568879261}.Debug|ARM.ActiveCfg = Debug|ARM
		{F1468941-2BBF-4A7E-9DAB-18F568879261}.Debug|ARM.Build.0 = Debug|ARM
		{F1468941-2BBF-4A7E-9DAB-18F568879261}.Debug|Any CPU.ActiveCfg = Debug|Any CPU
		{F1468941-2BBF-4A7E-9DAB-18F568879261}.Debug|Any CPU.Build.0 = Debug|Any CPU
		{F1468941-2BBF-4A7E-9DAB-18F568879261}.Debug|x64.ActiveCfg = Debug|x64
		{F1468941-2BBF-4A7E-9DAB-18F568879261}.Debug|x64.Build.0 = Debug|x64
		{F1468941-2BBF-4A7E-9DAB-18F568879261}.Debug|x86.ActiveCfg = Debug|x86
		{F1468941-2BBF-4A7E-9DAB-18F568879261}.Debug|x86.Build.0 = Debug|x86
		{F1468941-2BBF-4A7E-9DAB-18F568879261}.Release|ARM.ActiveCfg = Release|ARM
		{F1468941-2BBF-4A7E-9DAB-18F568879261}.Release|ARM.Build.0 = Release|ARM
		{F1468941-2BBF-4A7E-9DAB-18F568879261}.Release|Any CPU.ActiveCfg = Release|Any CPU
		{F1468941-2BBF-4A7E-9DAB-18F568879261}.Release|Any CPU.Build.0 = Release|Any CPU
		{F1468941-2BBF-4A7E-9DAB-18F568879261}.Release|x64.ActiveCfg = Release|x64
		{F1468941-2BBF-4A7E-9DAB-18F568879261}.Release|x64.Build.0 = Release|x64
		{F1468941-2BBF-4A7E-9DAB-18F568879261}.Release|x86.ActiveCfg = Release|x86
		{F1468941-2BBF-4A7E-9DAB-18F568879261}.Release|x86.Build.0 = Release|x86
	EndGlobalSection
	GlobalSection(SolutionProperties) = preSolution
		HideSolutionNode = FALSE
	EndGlobalSection
EndGlobal
